{
  "name": "gestion_comunidades",
  "lockfileVersion": 2,
  "requires": true,
  "packages": {
    "": {
      "dependencies": {
        "@popperjs/core": "^2.11.5",
        "bootstrap": "^5.1.3",
        "jquery": "^3.6.0",
        "json2html": "^0.0.8",
        "node-json2html": "^2.2.2"
      }
    },
    "node_modules/@popperjs/core": {
      "version": "2.11.5",
      "resolved": "https://registry.npmjs.org/@popperjs/core/-/core-2.11.5.tgz",
      "integrity": "sha512-9X2obfABZuDVLCgPK9aX0a/x4jaOEweTTWE2+9sr0Qqqevj2Uv5XorvusThmc9XGYpS9yI+fhh8RTafBtGposw==",
      "funding": {
        "type": "opencollective",
        "url": "https://opencollective.com/popperjs"
      }
    },
    "node_modules/bootstrap": {
      "version": "5.1.3",
      "resolved": "https://registry.npmjs.org/bootstrap/-/bootstrap-5.1.3.tgz",
      "integrity": "sha512-fcQztozJ8jToQWXxVuEyXWW+dSo8AiXWKwiSSrKWsRB/Qt+Ewwza+JWoLKiTuQLaEPhdNAJ7+Dosc9DOIqNy7Q==",
      "funding": {
        "type": "opencollective",
        "url": "https://opencollective.com/bootstrap"
      },
      "peerDependencies": {
        "@popperjs/core": "^2.10.2"
      }
    },
    "node_modules/jquery": {
      "version": "3.6.0",
      "resolved": "https://registry.npmjs.org/jquery/-/jquery-3.6.0.tgz",
      "integrity": "sha512-JVzAR/AjBvVt2BmYhxRCSYysDsPcssdmTFnzyLEts9qNwmjmu4JTAMYubEfwVOSwpQ1I1sKKFcxhZCI2buerfw=="
    },
    "node_modules/json2html": {
      "version": "0.0.8",
      "resolved": "https://registry.npmjs.org/json2html/-/json2html-0.0.8.tgz",
      "integrity": "sha512-WwGOLuGAqD9xv0rfS6g6R/ZWO9GDceR/68HGMaw7RXACU8+bRbQ94JTdVOtKhchRBPGK9jLzM0U7HR1kLWfPdA==",
      "engines": [
        "node >=0.6.0"
      ],
      "dependencies": {
        "underscore": ">=1.3.1"
      },
      "bin": {
        "test_j2h": "bin/test"
      }
    },
    "node_modules/node-json2html": {
      "version": "2.2.2",
      "resolved": "https://registry.npmjs.org/node-json2html/-/node-json2html-2.2.2.tgz",
      "integrity": "sha512-wkXcaaw5P52rPNOAY6aImmCvQNDRxwmbFcF5kQrJOsC5hBovHQcVlMNpUlyxxNLN5EQs03ygLkCjcujL741OcQ==",
      "engines": {
        "node": "*"
      }
    },
    "node_modules/underscore": {
      "version": "1.13.3",
      "resolved": "https://registry.npmjs.org/underscore/-/underscore-1.13.3.tgz",
      "integrity": "sha512-QvjkYpiD+dJJraRA8+dGAU4i7aBbb2s0S3jA45TFOvg2VgqvdCDd/3N6CqA8gluk1W91GLoXg5enMUx560QzuA=="
    }
  },
  "dependencies": {
    "@popperjs/core": {
      "version": "2.11.5",
      "resolved": "https://registry.npmjs.org/@popperjs/core/-/core-2.11.5.tgz",
      "integrity": "sha512-9X2obfABZuDVLCgPK9aX0a/x4jaOEweTTWE2+9sr0Qqqevj2Uv5XorvusThmc9XGYpS9yI+fhh8RTafBtGposw=="
    },
    "bootstrap": {
      "version": "5.1.3",
      "resolved": "https://registry.npmjs.org/bootstrap/-/bootstrap-5.1.3.tgz",
      "integrity": "sha512-fcQztozJ8jToQWXxVuEyXWW+dSo8AiXWKwiSSrKWsRB/Qt+Ewwza+JWoLKiTuQLaEPhdNAJ7+Dosc9DOIqNy7Q==",
      "requires": {}
    },
    "jquery": {
      "version": "3.6.0",
      "resolved": "https://registry.npmjs.org/jquery/-/jquery-3.6.0.tgz",
      "integrity": "sha512-JVzAR/AjBvVt2BmYhxRCSYysDsPcssdmTFnzyLEts9qNwmjmu4JTAMYubEfwVOSwpQ1I1sKKFcxhZCI2buerfw=="
    },
    "json2html": {
      "version": "0.0.8",
      "resolved": "https://registry.npmjs.org/json2html/-/json2html-0.0.8.tgz",
      "integrity": "sha512-WwGOLuGAqD9xv0rfS6g6R/ZWO9GDceR/68HGMaw7RXACU8+bRbQ94JTdVOtKhchRBPGK9jLzM0U7HR1kLWfPdA==",
      "requires": {
        "underscore": ">=1.3.1"
      }
    },
    "node-json2html": {
      "version": "2.2.2",
      "resolved": "https://registry.npmjs.org/node-json2html/-/node-json2html-2.2.2.tgz",
      "integrity": "sha512-wkXcaaw5P52rPNOAY6aImmCvQNDRxwmbFcF5kQrJOsC5hBovHQcVlMNpUlyxxNLN5EQs03ygLkCjcujL741OcQ=="
    },
    "underscore": {
      "version": "1.13.3",
      "resolved": "https://registry.npmjs.org/underscore/-/underscore-1.13.3.tgz",
      "integrity": "sha512-QvjkYpiD+dJJraRA8+dGAU4i7aBbb2s0S3jA45TFOvg2VgqvdCDd/3N6CqA8gluk1W91GLoXg5enMUx560QzuA=="
    }
  }
}
